// !$*UTF8*$!
{
	archiveVersion = 1;
	classes = {
	};
	objectVersion = 46;
	objects = {

/* Begin PBXAggregateTarget section */
		"iCalendar::iCalendarPackageTests::ProductTarget" /* iCalendarPackageTests */ = {
			isa = PBXAggregateTarget;
			buildConfigurationList = OBJ_48 /* Build configuration list for PBXAggregateTarget "iCalendarPackageTests" */;
			buildPhases = (
			);
			dependencies = (
				OBJ_51 /* PBXTargetDependency */,
			);
			name = iCalendarPackageTests;
			productName = iCalendarPackageTests;
		};
/* End PBXAggregateTarget section */

/* Begin PBXBuildFile section */
		4415A0A720CA06B7001F3C66 /* ParserTests.swift in Sources */ = {isa = PBXBuildFile; fileRef = OBJ_21 /* ParserTests.swift */; };
		OBJ_32 /* Calendar.swift in Sources */ = {isa = PBXBuildFile; fileRef = OBJ_9 /* Calendar.swift */; };
		OBJ_33 /* Event.swift in Sources */ = {isa = PBXBuildFile; fileRef = OBJ_10 /* Event.swift */; };
		OBJ_35 /* Extensions.swift in Sources */ = {isa = PBXBuildFile; fileRef = OBJ_12 /* Extensions.swift */; };
		OBJ_36 /* Parser.swift in Sources */ = {isa = PBXBuildFile; fileRef = OBJ_13 /* Parser.swift */; };
		OBJ_37 /* Pipe.swift in Sources */ = {isa = PBXBuildFile; fileRef = OBJ_14 /* Pipe.swift */; };
		OBJ_38 /* RegEx.swift in Sources */ = {isa = PBXBuildFile; fileRef = OBJ_15 /* RegEx.swift */; };
		OBJ_39 /* Writer.swift in Sources */ = {isa = PBXBuildFile; fileRef = OBJ_16 /* Writer.swift */; };
		OBJ_46 /* Package.swift in Sources */ = {isa = PBXBuildFile; fileRef = OBJ_6 /* Package.swift */; };
		OBJ_57 /* CalenderSpec.swift in Sources */ = {isa = PBXBuildFile; fileRef = OBJ_19 /* CalenderSpec.swift */; };
		OBJ_58 /* EventSpec.swift in Sources */ = {isa = PBXBuildFile; fileRef = OBJ_20 /* EventSpec.swift */; };
		OBJ_60 /* TestUtils.swift in Sources */ = {isa = PBXBuildFile; fileRef = OBJ_22 /* TestUtils.swift */; };
		OBJ_61 /* WriterSpec.swift in Sources */ = {isa = PBXBuildFile; fileRef = OBJ_23 /* WriterSpec.swift */; };
/* End PBXBuildFile section */

/* Begin PBXContainerItemProxy section */
		4415A0A520CA02B1001F3C66 /* PBXContainerItemProxy */ = {
			isa = PBXContainerItemProxy;
			containerPortal = OBJ_1 /* Project object */;
			proxyType = 1;
			remoteGlobalIDString = "iCalendar::iCalendarTests";
			remoteInfo = iCalendarTests;
		};
/* End PBXContainerItemProxy section */

/* Begin PBXFileReference section */
		OBJ_10 /* Event.swift */ = {isa = PBXFileReference; lastKnownFileType = sourcecode.swift; path = Event.swift; sourceTree = "<group>"; };
		OBJ_12 /* Extensions.swift */ = {isa = PBXFileReference; lastKnownFileType = sourcecode.swift; path = Extensions.swift; sourceTree = "<group>"; };
		OBJ_13 /* Parser.swift */ = {isa = PBXFileReference; lastKnownFileType = sourcecode.swift; path = Parser.swift; sourceTree = "<group>"; };
		OBJ_14 /* Pipe.swift */ = {isa = PBXFileReference; lastKnownFileType = sourcecode.swift; path = Pipe.swift; sourceTree = "<group>"; };
		OBJ_15 /* RegEx.swift */ = {isa = PBXFileReference; lastKnownFileType = sourcecode.swift; path = RegEx.swift; sourceTree = "<group>"; };
		OBJ_16 /* Writer.swift */ = {isa = PBXFileReference; lastKnownFileType = sourcecode.swift; path = Writer.swift; sourceTree = "<group>"; };
		OBJ_19 /* CalenderSpec.swift */ = {isa = PBXFileReference; lastKnownFileType = sourcecode.swift; path = CalenderSpec.swift; sourceTree = "<group>"; };
		OBJ_20 /* EventSpec.swift */ = {isa = PBXFileReference; lastKnownFileType = sourcecode.swift; path = EventSpec.swift; sourceTree = "<group>"; };
		OBJ_21 /* ParserTests.swift */ = {isa = PBXFileReference; lastKnownFileType = sourcecode.swift; path = ParserTests.swift; sourceTree = "<group>"; };
		OBJ_22 /* TestUtils.swift */ = {isa = PBXFileReference; lastKnownFileType = sourcecode.swift; path = TestUtils.swift; sourceTree = "<group>"; };
		OBJ_23 /* WriterSpec.swift */ = {isa = PBXFileReference; lastKnownFileType = sourcecode.swift; path = WriterSpec.swift; sourceTree = "<group>"; };
		OBJ_6 /* Package.swift */ = {isa = PBXFileReference; explicitFileType = sourcecode.swift; path = Package.swift; sourceTree = "<group>"; };
		OBJ_9 /* Calendar.swift */ = {isa = PBXFileReference; lastKnownFileType = sourcecode.swift; path = Calendar.swift; sourceTree = "<group>"; };
		"iCalendar::iCalendar::Product" /* iCalendar.framework */ = {isa = PBXFileReference; lastKnownFileType = wrapper.framework; path = iCalendar.framework; sourceTree = BUILT_PRODUCTS_DIR; };
		"iCalendar::iCalendarTests::Product" /* iCalendarTests.xctest */ = {isa = PBXFileReference; lastKnownFileType = file; path = iCalendarTests.xctest; sourceTree = BUILT_PRODUCTS_DIR; };
/* End PBXFileReference section */

/* Begin PBXFrameworksBuildPhase section */
		OBJ_40 /* Frameworks */ = {
			isa = PBXFrameworksBuildPhase;
			buildActionMask = 0;
			files = (
			);
			runOnlyForDeploymentPostprocessing = 0;
		};
		OBJ_62 /* Frameworks */ = {
			isa = PBXFrameworksBuildPhase;
			buildActionMask = 0;
			files = (
			);
			runOnlyForDeploymentPostprocessing = 0;
		};
/* End PBXFrameworksBuildPhase section */

/* Begin PBXGroup section */
		OBJ_17 /* Tests */ = {
			isa = PBXGroup;
			children = (
				OBJ_18 /* iCalendarTests */,
			);
			name = Tests;
			sourceTree = SOURCE_ROOT;
		};
		OBJ_18 /* iCalendarTests */ = {
			isa = PBXGroup;
			children = (
				OBJ_19 /* CalenderSpec.swift */,
				OBJ_20 /* EventSpec.swift */,
				OBJ_21 /* ParserTests.swift */,
				OBJ_22 /* TestUtils.swift */,
				OBJ_23 /* WriterSpec.swift */,
			);
			name = iCalendarTests;
			path = Tests/iCalendarTests;
			sourceTree = SOURCE_ROOT;
		};
		OBJ_24 /* Products */ = {
			isa = PBXGroup;
			children = (
				"iCalendar::iCalendarTests::Product" /* iCalendarTests.xctest */,
				"iCalendar::iCalendar::Product" /* iCalendar.framework */,
			);
			name = Products;
			sourceTree = BUILT_PRODUCTS_DIR;
		};
		OBJ_5 = {
			isa = PBXGroup;
			children = (
				OBJ_6 /* Package.swift */,
				OBJ_7 /* Sources */,
				OBJ_17 /* Tests */,
				OBJ_24 /* Products */,
			);
			sourceTree = "<group>";
		};
		OBJ_7 /* Sources */ = {
			isa = PBXGroup;
			children = (
				OBJ_8 /* iCalendar */,
			);
			name = Sources;
			sourceTree = SOURCE_ROOT;
		};
		OBJ_8 /* iCalendar */ = {
			isa = PBXGroup;
			children = (
				OBJ_9 /* Calendar.swift */,
				OBJ_10 /* Event.swift */,
				OBJ_12 /* Extensions.swift */,
				OBJ_13 /* Parser.swift */,
				OBJ_14 /* Pipe.swift */,
				OBJ_15 /* RegEx.swift */,
				OBJ_16 /* Writer.swift */,
			);
			name = iCalendar;
			path = Sources/iCalendar;
			sourceTree = SOURCE_ROOT;
		};
/* End PBXGroup section */

/* Begin PBXNativeTarget section */
		"iCalendar::SwiftPMPackageDescription" /* iCalendarPackageDescription */ = {
			isa = PBXNativeTarget;
			buildConfigurationList = OBJ_42 /* Build configuration list for PBXNativeTarget "iCalendarPackageDescription" */;
			buildPhases = (
				OBJ_45 /* Sources */,
			);
			buildRules = (
			);
			dependencies = (
			);
			name = iCalendarPackageDescription;
			productName = iCalendarPackageDescription;
			productType = "com.apple.product-type.framework";
		};
		"iCalendar::iCalendar" /* iCalendar */ = {
			isa = PBXNativeTarget;
			buildConfigurationList = OBJ_28 /* Build configuration list for PBXNativeTarget "iCalendar" */;
			buildPhases = (
				OBJ_31 /* Sources */,
				OBJ_40 /* Frameworks */,
			);
			buildRules = (
			);
			dependencies = (
			);
			name = iCalendar;
			productName = iCalendar;
			productReference = "iCalendar::iCalendar::Product" /* iCalendar.framework */;
			productType = "com.apple.product-type.framework";
		};
		"iCalendar::iCalendarTests" /* iCalendarTests */ = {
			isa = PBXNativeTarget;
			buildConfigurationList = OBJ_53 /* Build configuration list for PBXNativeTarget "iCalendarTests" */;
			buildPhases = (
				OBJ_56 /* Sources */,
				OBJ_62 /* Frameworks */,
			);
			buildRules = (
			);
			dependencies = (
			);
			name = iCalendarTests;
			productName = iCalendarTests;
			productReference = "iCalendar::iCalendarTests::Product" /* iCalendarTests.xctest */;
			productType = "com.apple.product-type.bundle.unit-test";
		};
/* End PBXNativeTarget section */

/* Begin PBXProject section */
		OBJ_1 /* Project object */ = {
			isa = PBXProject;
			attributes = {
				LastUpgradeCheck = 9999;
			};
			buildConfigurationList = OBJ_2 /* Build configuration list for PBXProject "iCalendar" */;
			compatibilityVersion = "Xcode 3.2";
			developmentRegion = English;
			hasScannedForEncodings = 0;
			knownRegions = (
				en,
			);
			mainGroup = OBJ_5;
			productRefGroup = OBJ_24 /* Products */;
			projectDirPath = "";
			projectRoot = "";
			targets = (
				"iCalendar::iCalendar" /* iCalendar */,
				"iCalendar::SwiftPMPackageDescription" /* iCalendarPackageDescription */,
				"iCalendar::iCalendarPackageTests::ProductTarget" /* iCalendarPackageTests */,
				"iCalendar::iCalendarTests" /* iCalendarTests */,
			);
		};
/* End PBXProject section */

/* Begin PBXSourcesBuildPhase section */
		OBJ_31 /* Sources */ = {
			isa = PBXSourcesBuildPhase;
			buildActionMask = 0;
			files = (
				OBJ_32 /* Calendar.swift in Sources */,
				OBJ_33 /* Event.swift in Sources */,
				OBJ_35 /* Extensions.swift in Sources */,
				OBJ_36 /* Parser.swift in Sources */,
				OBJ_37 /* Pipe.swift in Sources */,
				OBJ_38 /* RegEx.swift in Sources */,
				OBJ_39 /* Writer.swift in Sources */,
			);
			runOnlyForDeploymentPostprocessing = 0;
		};
		OBJ_45 /* Sources */ = {
			isa = PBXSourcesBuildPhase;
			buildActionMask = 0;
			files = (
				OBJ_46 /* Package.swift in Sources */,
			);
			runOnlyForDeploymentPostprocessing = 0;
		};
		OBJ_56 /* Sources */ = {
			isa = PBXSourcesBuildPhase;
			buildActionMask = 0;
			files = (
				OBJ_57 /* CalenderSpec.swift in Sources */,
				OBJ_58 /* EventSpec.swift in Sources */,
				4415A0A720CA06B7001F3C66 /* ParserTests.swift in Sources */,
				OBJ_60 /* TestUtils.swift in Sources */,
				OBJ_61 /* WriterSpec.swift in Sources */,
			);
			runOnlyForDeploymentPostprocessing = 0;
		};
/* End PBXSourcesBuildPhase section */

/* Begin PBXTargetDependency section */
		OBJ_51 /* PBXTargetDependency */ = {
			isa = PBXTargetDependency;
			target = "iCalendar::iCalendarTests" /* iCalendarTests */;
			targetProxy = 4415A0A520CA02B1001F3C66 /* PBXContainerItemProxy */;
		};
/* End PBXTargetDependency section */

/* Begin XCBuildConfiguration section */
		OBJ_29 /* Debug */ = {
			isa = XCBuildConfiguration;
			buildSettings = {
				ENABLE_TESTABILITY = YES;
				FRAMEWORK_SEARCH_PATHS = (
					"$(inherited)",
					"$(PLATFORM_DIR)/Developer/Library/Frameworks",
				);
				HEADER_SEARCH_PATHS = "$(inherited)";
				INFOPLIST_FILE = iCalendar.xcodeproj/iCalendar_Info.plist;
				LD_RUNPATH_SEARCH_PATHS = "$(inherited) $(TOOLCHAIN_DIR)/usr/lib/swift/macosx";
				OTHER_CFLAGS = "$(inherited)";
				OTHER_LDFLAGS = "$(inherited)";
				OTHER_SWIFT_FLAGS = "$(inherited)";
				PRODUCT_BUNDLE_IDENTIFIER = iCalendar;
				PRODUCT_MODULE_NAME = "$(TARGET_NAME:c99extidentifier)";
				PRODUCT_NAME = "$(TARGET_NAME:c99extidentifier)";
				SKIP_INSTALL = YES;
				SWIFT_VERSION = 4.0;
				TARGET_NAME = iCalendar;
			};
			name = Debug;
		};
		OBJ_3 /* Debug */ = {
			isa = XCBuildConfiguration;
			buildSettings = {
				CLANG_ENABLE_OBJC_ARC = YES;
				COMBINE_HIDPI_IMAGES = YES;
				COPY_PHASE_STRIP = NO;
				DEBUG_INFORMATION_FORMAT = dwarf;
				DYLIB_INSTALL_NAME_BASE = "@rpath";
				ENABLE_NS_ASSERTIONS = YES;
				GCC_OPTIMIZATION_LEVEL = 0;
				MACOSX_DEPLOYMENT_TARGET = 10.10;
				ONLY_ACTIVE_ARCH = YES;
				OTHER_SWIFT_FLAGS = "-DXcode";
				PRODUCT_NAME = "$(TARGET_NAME)";
				SDKROOT = macosx;
				SUPPORTED_PLATFORMS = "macosx iphoneos iphonesimulator appletvos appletvsimulator watchos watchsimulator";
				SWIFT_ACTIVE_COMPILATION_CONDITIONS = SWIFT_PACKAGE;
				SWIFT_OPTIMIZATION_LEVEL = "-Onone";
				USE_HEADERMAP = NO;
			};
			name = Debug;
		};
		OBJ_30 /* Release */ = {
			isa = XCBuildConfiguration;
			buildSettings = {
				ENABLE_TESTABILITY = YES;
				FRAMEWORK_SEARCH_PATHS = (
					"$(inherited)",
					"$(PLATFORM_DIR)/Developer/Library/Frameworks",
				);
				HEADER_SEARCH_PATHS = "$(inherited)";
				INFOPLIST_FILE = iCalendar.xcodeproj/iCalendar_Info.plist;
				LD_RUNPATH_SEARCH_PATHS = "$(inherited) $(TOOLCHAIN_DIR)/usr/lib/swift/macosx";
				OTHER_CFLAGS = "$(inherited)";
				OTHER_LDFLAGS = "$(inherited)";
				OTHER_SWIFT_FLAGS = "$(inherited)";
				PRODUCT_BUNDLE_IDENTIFIER = iCalendar;
				PRODUCT_MODULE_NAME = "$(TARGET_NAME:c99extidentifier)";
				PRODUCT_NAME = "$(TARGET_NAME:c99extidentifier)";
				SKIP_INSTALL = YES;
				SWIFT_VERSION = 4.0;
				TARGET_NAME = iCalendar;
			};
			name = Release;
		};
		OBJ_4 /* Release */ = {
			isa = XCBuildConfiguration;
			buildSettings = {
				CLANG_ENABLE_OBJC_ARC = YES;
				COMBINE_HIDPI_IMAGES = YES;
				COPY_PHASE_STRIP = YES;
				DEBUG_INFORMATION_FORMAT = "dwarf-with-dsym";
				DYLIB_INSTALL_NAME_BASE = "@rpath";
				GCC_OPTIMIZATION_LEVEL = s;
				MACOSX_DEPLOYMENT_TARGET = 10.10;
				OTHER_SWIFT_FLAGS = "-DXcode";
				PRODUCT_NAME = "$(TARGET_NAME)";
				SDKROOT = macosx;
				SUPPORTED_PLATFORMS = "macosx iphoneos iphonesimulator appletvos appletvsimulator watchos watchsimulator";
				SWIFT_ACTIVE_COMPILATION_CONDITIONS = SWIFT_PACKAGE;
				SWIFT_OPTIMIZATION_LEVEL = "-Owholemodule";
				USE_HEADERMAP = NO;
			};
			name = Release;
		};
		OBJ_43 /* Debug */ = {
			isa = XCBuildConfiguration;
			buildSettings = {
				LD = /usr/bin/true;
				OTHER_SWIFT_FLAGS = "-swift-version 4 -I $(TOOLCHAIN_DIR)/usr/lib/swift/pm/4 -target x86_64-apple-macosx10.10 -sdk /Applications/Xcode.app/Contents/Developer/Platforms/MacOSX.platform/Developer/SDKs/MacOSX10.13.sdk";
				SWIFT_VERSION = 4.0;
			};
			name = Debug;
		};
		OBJ_44 /* Release */ = {
			isa = XCBuildConfiguration;
			buildSettings = {
				LD = /usr/bin/true;
				OTHER_SWIFT_FLAGS = "-swift-version 4 -I $(TOOLCHAIN_DIR)/usr/lib/swift/pm/4 -target x86_64-apple-macosx10.10 -sdk /Applications/Xcode.app/Contents/Developer/Platforms/MacOSX.platform/Developer/SDKs/MacOSX10.13.sdk";
				SWIFT_VERSION = 4.0;
			};
			name = Release;
		};
		OBJ_49 /* Debug */ = {
			isa = XCBuildConfiguration;
			buildSettings = {
			};
			name = Debug;
		};
		OBJ_50 /* Release */ = {
			isa = XCBuildConfiguration;
			buildSettings = {
			};
			name = Release;
		};
		OBJ_54 /* Debug */ = {
			isa = XCBuildConfiguration;
			buildSettings = {
				EMBEDDED_CONTENT_CONTAINS_SWIFT = YES;
				FRAMEWORK_SEARCH_PATHS = (
					"$(inherited)",
					"$(PLATFORM_DIR)/Developer/Library/Frameworks",
				);
				HEADER_SEARCH_PATHS = "$(inherited)";
				INFOPLIST_FILE = iCalendar.xcodeproj/iCalendarTests_Info.plist;
				LD_RUNPATH_SEARCH_PATHS = "$(inherited) @loader_path/../Frameworks @loader_path/Frameworks";
				OTHER_CFLAGS = "$(inherited)";
				OTHER_LDFLAGS = "$(inherited)";
				OTHER_SWIFT_FLAGS = "$(inherited)";
				SWIFT_VERSION = 4.0;
				TARGET_NAME = iCalendarTests;
			};
			name = Debug;
		};
		OBJ_55 /* Release */ = {
			isa = XCBuildConfiguration;
			buildSettings = {
				EMBEDDED_CONTENT_CONTAINS_SWIFT = YES;
				FRAMEWORK_SEARCH_PATHS = (
					"$(inherited)",
					"$(PLATFORM_DIR)/Developer/Library/Frameworks",
				);
				HEADER_SEARCH_PATHS = "$(inherited)";
				INFOPLIST_FILE = iCalendar.xcodeproj/iCalendarTests_Info.plist;
				LD_RUNPATH_SEARCH_PATHS = "$(inherited) @loader_path/../Frameworks @loader_path/Frameworks";
				OTHER_CFLAGS = "$(inherited)";
				OTHER_LDFLAGS = "$(inherited)";
				OTHER_SWIFT_FLAGS = "$(inherited)";
				SWIFT_VERSION = 4.0;
				TARGET_NAME = iCalendarTests;
			};
			name = Release;
		};
/* End XCBuildConfiguration section */

/* Begin XCConfigurationList section */
		OBJ_2 /* Build configuration list for PBXProject "iCalendar" */ = {
			isa = XCConfigurationList;
			buildConfigurations = (
				OBJ_3 /* Debug */,
				OBJ_4 /* Release */,
			);
			defaultConfigurationIsVisible = 0;
			defaultConfigurationName = Release;
		};
		OBJ_28 /* Build configuration list for PBXNativeTarget "iCalendar" */ = {
			isa = XCConfigurationList;
			buildConfigurations = (
				OBJ_29 /* Debug */,
				OBJ_30 /* Release */,
			);
			defaultConfigurationIsVisible = 0;
			defaultConfigurationName = Release;
		};
		OBJ_42 /* Build configuration list for PBXNativeTarget "iCalendarPackageDescription" */ = {
			isa = XCConfigurationList;
			buildConfigurations = (
				OBJ_43 /* Debug */,
				OBJ_44 /* Release */,
			);
			defaultConfigurationIsVisible = 0;
			defaultConfigurationName = Release;
		};
		OBJ_48 /* Build configuration list for PBXAggregateTarget "iCalendarPackageTests" */ = {
			isa = XCConfigurationList;
			buildConfigurations = (
				OBJ_49 /* Debug */,
				OBJ_50 /* Release */,
			);
			defaultConfigurationIsVisible = 0;
			defaultConfigurationName = Release;
		};
		OBJ_53 /* Build configuration list for PBXNativeTarget "iCalendarTests" */ = {
			isa = XCConfigurationList;
			buildConfigurations = (
				OBJ_54 /* Debug */,
				OBJ_55 /* Release */,
			);
			defaultConfigurationIsVisible = 0;
			defaultConfigurationName = Release;
		};
/* End XCConfigurationList section */
	};
	rootObject = OBJ_1 /* Project object */;
}
